{
  "name": "npm-package-demo-usage",
  "version": "1.0.0",
  "lockfileVersion": 2,
  "requires": true,
  "packages": {
    "": {
      "version": "1.0.0",
      "license": "ISC",
      "dependencies": {
        "living-objects": "^1.0.0"
      }
    },
    "node_modules/living-objects": {
      "version": "1.0.0",
      "resolved": "https://registry.npmjs.org/living-objects/-/living-objects-1.0.0.tgz",
      "integrity": "sha512-qLztC0XIqQf8Mv82og2CN6v0VjXItSB60bH9Rhr6C/ew1nB2qsAc0NuczA3ykilTNcspN8KMv7hViTw276j0hQ=="
    }
  },
  "dependencies": {
    "living-objects": {
      "version": "1.0.0",
      "resolved": "https://registry.npmjs.org/living-objects/-/living-objects-1.0.0.tgz",
      "integrity": "sha512-qLztC0XIqQf8Mv82og2CN6v0VjXItSB60bH9Rhr6C/ew1nB2qsAc0NuczA3ykilTNcspN8KMv7hViTw276j0hQ=="
    }
  }
}
